// !$*UTF8*$!
{
	archiveVersion = 1;
	classes = {
	};
	objectVersion = 77;
	objects = {

/* Begin PBXBuildFile section */
		023E3BACD72C2DCF8462C150 /* KeyboardMonitor.swift in Sources */ = {isa = PBXBuildFile; fileRef = 295B9D1BC4296D8066586A59 /* KeyboardMonitor.swift */; };
		0CE29D7A6F0070505B1FA182 /* KeyboardLanguage.swift in Sources */ = {isa = PBXBuildFile; fileRef = 2C896CE3DA7E2A1AD144C399 /* KeyboardLanguage.swift */; };
		0CE92DB4BE3F621B3EB6D14B /* Assets.xcassets in Resources */ = {isa = PBXBuildFile; fileRef = 370B1FD94FF6D2849A1CF02B /* Assets.xcassets */; };
		1E2D7F44DB43027341A853FB /* KrightTests.swift in Sources */ = {isa = PBXBuildFile; fileRef = 43EBBB61C25E67A73DF393C9 /* KrightTests.swift */; };
		220238DD461FD538A46D87D9 /* Sparkle in Frameworks */ = {isa = PBXBuildFile; productRef = 5C59133F63E25AE94A14E6BA /* Sparkle */; };
		245ECCF533EBD963B72C9BF6 /* KrightApp.swift in Sources */ = {isa = PBXBuildFile; fileRef = FF3CDE9CB3FE330665F8E794 /* KrightApp.swift */; };
		257C0CFED5153DE0276D5F43 /* KeystrokeReplacer.swift in Sources */ = {isa = PBXBuildFile; fileRef = 95326BE6EDD6C037DF8D03FF /* KeystrokeReplacer.swift */; };
		389E54A993E3A3B49F8D2A5B /* Models.swift in Sources */ = {isa = PBXBuildFile; fileRef = 199A66F7153919B38F5B79BF /* Models.swift */; };
		3A0E436698B4DFC992D948C1 /* ContentView.swift in Sources */ = {isa = PBXBuildFile; fileRef = 9AFF03A265943550B489E799 /* ContentView.swift */; };
		4C81B09F31C698DD05DF3906 /* HotkeyManager.swift in Sources */ = {isa = PBXBuildFile; fileRef = C1C513C356FD98364D21AE87 /* HotkeyManager.swift */; };
		5801487F22302CA954EA8374 /* OnboardingView.swift in Sources */ = {isa = PBXBuildFile; fileRef = CE852C1C29631892FC995790 /* OnboardingView.swift */; };
		69152F36E8DA71912C6715C6 /* KeyboardLayoutMap.swift in Sources */ = {isa = PBXBuildFile; fileRef = E8FE182EAAB4E74780F9E8C4 /* KeyboardLayoutMap.swift */; };
		82AC17876E30BF7187876EAE /* SettingsView.swift in Sources */ = {isa = PBXBuildFile; fileRef = 08F61F0D0D195B3E40CCD603 /* SettingsView.swift */; };
		8D250C8CB83316FB0BD341EA /* KeyLogView.swift in Sources */ = {isa = PBXBuildFile; fileRef = 68839C81696380630476E0A4 /* KeyLogView.swift */; };
		8F89E9ACC4C27F175A457305 /* FieldInspector.swift in Sources */ = {isa = PBXBuildFile; fileRef = 26C0B933D8FEDD59B3C25F67 /* FieldInspector.swift */; };
		9B77A3F68C82619F33C53B75 /* LayoutConverter.swift in Sources */ = {isa = PBXBuildFile; fileRef = 17C38DDC1D7688E11AA81B8C /* LayoutConverter.swift */; };
		BF4B313F94B8BFC70A09C158 /* GibberishDetector.swift in Sources */ = {isa = PBXBuildFile; fileRef = EBA65DBC99E6FA0457DF0254 /* GibberishDetector.swift */; };
		C5EB03878E31693AD1197782 /* FocusLanguageEnforcer.swift in Sources */ = {isa = PBXBuildFile; fileRef = E125DAE68F36CF54DC8FE61F /* FocusLanguageEnforcer.swift */; };
		D8A11173C5D3ACFDF9E4BCBC /* AXInspector.swift in Sources */ = {isa = PBXBuildFile; fileRef = DC172C52E21BA67991FF288B /* AXInspector.swift */; };
		F5D370FA6257C6846A3B42E9 /* DetectView.swift in Sources */ = {isa = PBXBuildFile; fileRef = E29A8D1161755B3512C7093A /* DetectView.swift */; };
		F68C94D269F7BEF95245EF0A /* LanguageModels.swift in Sources */ = {isa = PBXBuildFile; fileRef = 4C07F10F43A4E76EAF2EF901 /* LanguageModels.swift */; };
		B90EAE562FD4448E88E77606 /* AppLanguageEnforcer.swift in Sources */ = {isa = PBXBuildFile; fileRef = 0A5C7F7FFC114F9DB94F8D82 /* AppLanguageEnforcer.swift */; };
		E70135F91307427E86E5CECD /* AppLanguageRule.swift in Sources */ = {isa = PBXBuildFile; fileRef = 69B682F2263748C7B77A813B /* AppLanguageRule.swift */; };
/* End PBXBuildFile section */

/* Begin PBXContainerItemProxy section */
		EC94F8E6383BC3A4A5AB9BF3 /* PBXContainerItemProxy */ = {
			isa = PBXContainerItemProxy;
			containerPortal = 3E008B90FF9DA613D6FF75E6 /* Project object */;
			proxyType = 1;
			remoteGlobalIDString = 63D3041CAD7D610CFFBDE16B;
			remoteInfo = Kright;
		};
/* End PBXContainerItemProxy section */

/* Begin PBXFileReference section */
		08F61F0D0D195B3E40CCD603 /* SettingsView.swift */ = {isa = PBXFileReference; lastKnownFileType = sourcecode.swift; path = SettingsView.swift; sourceTree = "<group>"; };
		17C38DDC1D7688E11AA81B8C /* LayoutConverter.swift */ = {isa = PBXFileReference; lastKnownFileType = sourcecode.swift; path = LayoutConverter.swift; sourceTree = "<group>"; };
		199A66F7153919B38F5B79BF /* Models.swift */ = {isa = PBXFileReference; lastKnownFileType = sourcecode.swift; path = Models.swift; sourceTree = "<group>"; };
		26C0B933D8FEDD59B3C25F67 /* FieldInspector.swift */ = {isa = PBXFileReference; lastKnownFileType = sourcecode.swift; path = FieldInspector.swift; sourceTree = "<group>"; };
		283528CF70AF50E9497C1A66 /* KrightTests.xctest */ = {isa = PBXFileReference; explicitFileType = wrapper.cfbundle; includeInIndex = 0; path = KrightTests.xctest; sourceTree = BUILT_PRODUCTS_DIR; };
		295B9D1BC4296D8066586A59 /* KeyboardMonitor.swift */ = {isa = PBXFileReference; lastKnownFileType = sourcecode.swift; path = KeyboardMonitor.swift; sourceTree = "<group>"; };
		2C896CE3DA7E2A1AD144C399 /* KeyboardLanguage.swift */ = {isa = PBXFileReference; lastKnownFileType = sourcecode.swift; path = KeyboardLanguage.swift; sourceTree = "<group>"; };
		370B1FD94FF6D2849A1CF02B /* Assets.xcassets */ = {isa = PBXFileReference; lastKnownFileType = folder.assetcatalog; path = Assets.xcassets; sourceTree = "<group>"; };
		43EBBB61C25E67A73DF393C9 /* KrightTests.swift */ = {isa = PBXFileReference; lastKnownFileType = sourcecode.swift; path = KrightTests.swift; sourceTree = "<group>"; };
		4BEA40490A8D7357B85B6177 /* Kright.app */ = {isa = PBXFileReference; explicitFileType = wrapper.application; includeInIndex = 0; path = Kright.app; sourceTree = BUILT_PRODUCTS_DIR; };
		4C07F10F43A4E76EAF2EF901 /* LanguageModels.swift */ = {isa = PBXFileReference; lastKnownFileType = sourcecode.swift; path = LanguageModels.swift; sourceTree = "<group>"; };
		68839C81696380630476E0A4 /* KeyLogView.swift */ = {isa = PBXFileReference; lastKnownFileType = sourcecode.swift; path = KeyLogView.swift; sourceTree = "<group>"; };
		95326BE6EDD6C037DF8D03FF /* KeystrokeReplacer.swift */ = {isa = PBXFileReference; lastKnownFileType = sourcecode.swift; path = KeystrokeReplacer.swift; sourceTree = "<group>"; };
		9AFF03A265943550B489E799 /* ContentView.swift */ = {isa = PBXFileReference; lastKnownFileType = sourcecode.swift; path = ContentView.swift; sourceTree = "<group>"; };
		B744EDC6DCA0DD0C594E69A8 /* Kright.entitlements */ = {isa = PBXFileReference; lastKnownFileType = text.plist.entitlements; path = Kright.entitlements; sourceTree = "<group>"; };
		BB1F694D64E68D7427009B19 /* Info.plist */ = {isa = PBXFileReference; lastKnownFileType = text.plist; path = Info.plist; sourceTree = "<group>"; };
		C1C513C356FD98364D21AE87 /* HotkeyManager.swift */ = {isa = PBXFileReference; lastKnownFileType = sourcecode.swift; path = HotkeyManager.swift; sourceTree = "<group>"; };
		CE852C1C29631892FC995790 /* OnboardingView.swift */ = {isa = PBXFileReference; lastKnownFileType = sourcecode.swift; path = OnboardingView.swift; sourceTree = "<group>"; };
		DC172C52E21BA67991FF288B /* AXInspector.swift */ = {isa = PBXFileReference; lastKnownFileType = sourcecode.swift; path = AXInspector.swift; sourceTree = "<group>"; };
		E125DAE68F36CF54DC8FE61F /* FocusLanguageEnforcer.swift */ = {isa = PBXFileReference; lastKnownFileType = sourcecode.swift; path = FocusLanguageEnforcer.swift; sourceTree = "<group>"; };
		E29A8D1161755B3512C7093A /* DetectView.swift */ = {isa = PBXFileReference; lastKnownFileType = sourcecode.swift; path = DetectView.swift; sourceTree = "<group>"; };
		E8FE182EAAB4E74780F9E8C4 /* KeyboardLayoutMap.swift */ = {isa = PBXFileReference; lastKnownFileType = sourcecode.swift; path = KeyboardLayoutMap.swift; sourceTree = "<group>"; };
		EBA65DBC99E6FA0457DF0254 /* GibberishDetector.swift */ = {isa = PBXFileReference; lastKnownFileType = sourcecode.swift; path = GibberishDetector.swift; sourceTree = "<group>"; };
		FF3CDE9CB3FE330665F8E794 /* KrightApp.swift */ = {isa = PBXFileReference; lastKnownFileType = sourcecode.swift; path = KrightApp.swift; sourceTree = "<group>"; };
		0A5C7F7FFC114F9DB94F8D82 /* AppLanguageEnforcer.swift */ = {isa = PBXFileReference; lastKnownFileType = sourcecode.swift; path = AppLanguageEnforcer.swift; sourceTree = "<group>"; };
		69B682F2263748C7B77A813B /* AppLanguageRule.swift */ = {isa = PBXFileReference; lastKnownFileType = sourcecode.swift; path = AppLanguageRule.swift; sourceTree = "<group>"; };
/* End PBXFileReference section */

/* Begin PBXFrameworksBuildPhase section */
		AC60BC89DEF6CCA07AD83EB6 /* Frameworks */ = {
			isa = PBXFrameworksBuildPhase;
			buildActionMask = 2147483647;
			files = (
				220238DD461FD538A46D87D9 /* Sparkle in Frameworks */,
			);
			runOnlyForDeploymentPostprocessing = 0;
		};
/* End PBXFrameworksBuildPhase section */

/* Begin PBXGroup section */
		584F81E4752CC45FB6AB3F40 /* Views */ = {
			isa = PBXGroup;
			children = (
				9AFF03A265943550B489E799 /* ContentView.swift */,
				E29A8D1161755B3512C7093A /* DetectView.swift */,
				68839C81696380630476E0A4 /* KeyLogView.swift */,
				CE852C1C29631892FC995790 /* OnboardingView.swift */,
				08F61F0D0D195B3E40CCD603 /* SettingsView.swift */,
			);
			path = Views;
			sourceTree = "<group>";
		};
		9EE1051886842C48CA9FAF66 /* Tests */ = {
			isa = PBXGroup;
			children = (
				43EBBB61C25E67A73DF393C9 /* KrightTests.swift */,
			);
			path = Tests;
			sourceTree = "<group>";
		};
		A5B01654D6F380DECAF3FC2F /* Sources */ = {
			isa = PBXGroup;
			children = (
				370B1FD94FF6D2849A1CF02B /* Assets.xcassets */,
				0A5C7F7FFC114F9DB94F8D82 /* AppLanguageEnforcer.swift */,
				69B682F2263748C7B77A813B /* AppLanguageRule.swift */,
				DC172C52E21BA67991FF288B /* AXInspector.swift */,
				26C0B933D8FEDD59B3C25F67 /* FieldInspector.swift */,
				E125DAE68F36CF54DC8FE61F /* FocusLanguageEnforcer.swift */,
				EBA65DBC99E6FA0457DF0254 /* GibberishDetector.swift */,
				C1C513C356FD98364D21AE87 /* HotkeyManager.swift */,
				BB1F694D64E68D7427009B19 /* Info.plist */,
				2C896CE3DA7E2A1AD144C399 /* KeyboardLanguage.swift */,
				E8FE182EAAB4E74780F9E8C4 /* KeyboardLayoutMap.swift */,
				295B9D1BC4296D8066586A59 /* KeyboardMonitor.swift */,
				95326BE6EDD6C037DF8D03FF /* KeystrokeReplacer.swift */,
				B744EDC6DCA0DD0C594E69A8 /* Kright.entitlements */,
				FF3CDE9CB3FE330665F8E794 /* KrightApp.swift */,
				4C07F10F43A4E76EAF2EF901 /* LanguageModels.swift */,
				17C38DDC1D7688E11AA81B8C /* LayoutConverter.swift */,
				199A66F7153919B38F5B79BF /* Models.swift */,
				584F81E4752CC45FB6AB3F40 /* Views */,
			);
			path = Sources;
			sourceTree = "<group>";
		};
		D215D31321D4196D11A389EA = {
			isa = PBXGroup;
			children = (
				A5B01654D6F380DECAF3FC2F /* Sources */,
				9EE1051886842C48CA9FAF66 /* Tests */,
				F85FB36DD8124BF315CFC87D /* Products */,
			);
			sourceTree = "<group>";
		};
		F85FB36DD8124BF315CFC87D /* Products */ = {
			isa = PBXGroup;
			children = (
				4BEA40490A8D7357B85B6177 /* Kright.app */,
				283528CF70AF50E9497C1A66 /* KrightTests.xctest */,
			);
			name = Products;
			sourceTree = "<group>";
		};
/* End PBXGroup section */

/* Begin PBXNativeTarget section */
		3146BC327C741AB1391F5586 /* KrightTests */ = {
			isa = PBXNativeTarget;
			buildConfigurationList = 952B722E2DBD9E5BFA71CB82 /* Build configuration list for PBXNativeTarget "KrightTests" */;
			buildPhases = (
				295C5EF9123C678CB5436F55 /* Sources */,
			);
			buildRules = (
			);
			dependencies = (
				41A5E92FFAB883CC7D8ABB40 /* PBXTargetDependency */,
			);
			name = KrightTests;
			packageProductDependencies = (
			);
			productName = KrightTests;
			productReference = 283528CF70AF50E9497C1A66 /* KrightTests.xctest */;
			productType = "com.apple.product-type.bundle.unit-test";
		};
		63D3041CAD7D610CFFBDE16B /* Kright */ = {
			isa = PBXNativeTarget;
			buildConfigurationList = 8A51680A91F66355BCBB0D03 /* Build configuration list for PBXNativeTarget "Kright" */;
			buildPhases = (
				515C40354810A5F746360127 /* Sources */,
				16DD8DA29668CA1925BF65AD /* Resources */,
				AC60BC89DEF6CCA07AD83EB6 /* Frameworks */,
			);
			buildRules = (
			);
			dependencies = (
			);
			name = Kright;
			packageProductDependencies = (
				5C59133F63E25AE94A14E6BA /* Sparkle */,
			);
			productName = Kright;
			productReference = 4BEA40490A8D7357B85B6177 /* Kright.app */;
			productType = "com.apple.product-type.application";
		};
/* End PBXNativeTarget section */

/* Begin PBXProject section */
		3E008B90FF9DA613D6FF75E6 /* Project object */ = {
			isa = PBXProject;
			attributes = {
				BuildIndependentTargetsInParallel = YES;
				LastUpgradeCheck = 1430;
				TargetAttributes = {
					3146BC327C741AB1391F5586 = {
						DevelopmentTeam = V3275SDA78;
						ProvisioningStyle = Manual;
					};
					63D3041CAD7D610CFFBDE16B = {
						DevelopmentTeam = V3275SDA78;
						ProvisioningStyle = Manual;
					};
				};
			};
			buildConfigurationList = A1C10331052B1EEEE2772D86 /* Build configuration list for PBXProject "Kright" */;
			developmentRegion = en;
			hasScannedForEncodings = 0;
			knownRegions = (
				Base,
				en,
			);
			mainGroup = D215D31321D4196D11A389EA;
			minimizedProjectReferenceProxies = 1;
			packageReferences = (
				17DC6BCCC9AC6B38EF00E3EF /* XCRemoteSwiftPackageReference "Sparkle" */,
			);
			preferredProjectObjectVersion = 77;
			productRefGroup = F85FB36DD8124BF315CFC87D /* Products */;
			projectDirPath = "";
			projectRoot = "";
			targets = (
				63D3041CAD7D610CFFBDE16B /* Kright */,
				3146BC327C741AB1391F5586 /* KrightTests */,
			);
		};
/* End PBXProject section */

/* Begin PBXResourcesBuildPhase section */
		16DD8DA29668CA1925BF65AD /* Resources */ = {
			isa = PBXResourcesBuildPhase;
			buildActionMask = 2147483647;
			files = (
				0CE92DB4BE3F621B3EB6D14B /* Assets.xcassets in Resources */,
			);
			runOnlyForDeploymentPostprocessing = 0;
		};
/* End PBXResourcesBuildPhase section */

/* Begin PBXSourcesBuildPhase section */
		295C5EF9123C678CB5436F55 /* Sources */ = {
			isa = PBXSourcesBuildPhase;
			buildActionMask = 2147483647;
			files = (
				1E2D7F44DB43027341A853FB /* KrightTests.swift in Sources */,
			);
			runOnlyForDeploymentPostprocessing = 0;
		};
		515C40354810A5F746360127 /* Sources */ = {
			isa = PBXSourcesBuildPhase;
			buildActionMask = 2147483647;
			files = (
				B90EAE562FD4448E88E77606 /* AppLanguageEnforcer.swift in Sources */,
				E70135F91307427E86E5CECD /* AppLanguageRule.swift in Sources */,
				D8A11173C5D3ACFDF9E4BCBC /* AXInspector.swift in Sources */,
				3A0E436698B4DFC992D948C1 /* ContentView.swift in Sources */,
				F5D370FA6257C6846A3B42E9 /* DetectView.swift in Sources */,
				8F89E9ACC4C27F175A457305 /* FieldInspector.swift in Sources */,
				C5EB03878E31693AD1197782 /* FocusLanguageEnforcer.swift in Sources */,
				BF4B313F94B8BFC70A09C158 /* GibberishDetector.swift in Sources */,
				4C81B09F31C698DD05DF3906 /* HotkeyManager.swift in Sources */,
				8D250C8CB83316FB0BD341EA /* KeyLogView.swift in Sources */,
				0CE29D7A6F0070505B1FA182 /* KeyboardLanguage.swift in Sources */,
				69152F36E8DA71912C6715C6 /* KeyboardLayoutMap.swift in Sources */,
				023E3BACD72C2DCF8462C150 /* KeyboardMonitor.swift in Sources */,
				257C0CFED5153DE0276D5F43 /* KeystrokeReplacer.swift in Sources */,
				245ECCF533EBD963B72C9BF6 /* KrightApp.swift in Sources */,
				F68C94D269F7BEF95245EF0A /* LanguageModels.swift in Sources */,
				9B77A3F68C82619F33C53B75 /* LayoutConverter.swift in Sources */,
				389E54A993E3A3B49F8D2A5B /* Models.swift in Sources */,
				5801487F22302CA954EA8374 /* OnboardingView.swift in Sources */,
				82AC17876E30BF7187876EAE /* SettingsView.swift in Sources */,
			);
			runOnlyForDeploymentPostprocessing = 0;
		};
/* End PBXSourcesBuildPhase section */

/* Begin PBXTargetDependency section */
		41A5E92FFAB883CC7D8ABB40 /* PBXTargetDependency */ = {
			isa = PBXTargetDependency;
			target = 63D3041CAD7D610CFFBDE16B /* Kright */;
			targetProxy = EC94F8E6383BC3A4A5AB9BF3 /* PBXContainerItemProxy */;
		};
/* End PBXTargetDependency section */

/* Begin XCBuildConfiguration section */
		33E9DE569600A42D4D224324 /* Debug */ = {
			isa = XCBuildConfiguration;
			buildSettings = {
				ASSETCATALOG_COMPILER_APPICON_NAME = AppIcon;
				CODE_SIGN_ENTITLEMENTS = Sources/Kright.entitlements;
				COMBINE_HIDPI_IMAGES = YES;
				GENERATE_INFOPLIST_FILE = NO;
				INFOPLIST_FILE = Sources/Info.plist;
				LD_RUNPATH_SEARCH_PATHS = (
					"$(inherited)",
					"@executable_path/../Frameworks",
				);
				PRODUCT_BUNDLE_IDENTIFIER = com.kright.native;
				PRODUCT_NAME = Kright;
				SDKROOT = macosx;
			};
			name = Debug;
		};
		5942CA474C114DBD9AD33372 /* Release */ = {
			isa = XCBuildConfiguration;
			buildSettings = {
				ASSETCATALOG_COMPILER_APPICON_NAME = AppIcon;
				CODE_SIGN_ENTITLEMENTS = Sources/Kright.entitlements;
				COMBINE_HIDPI_IMAGES = YES;
				GENERATE_INFOPLIST_FILE = NO;
				INFOPLIST_FILE = Sources/Info.plist;
				LD_RUNPATH_SEARCH_PATHS = (
					"$(inherited)",
					"@executable_path/../Frameworks",
				);
				PRODUCT_BUNDLE_IDENTIFIER = com.kright.native;
				PRODUCT_NAME = Kright;
				SDKROOT = macosx;
			};
			name = Release;
		};
		AFB0EED9F5FAD354D77978B1 /* Debug */ = {
			isa = XCBuildConfiguration;
			buildSettings = {
				BUNDLE_LOADER = "$(TEST_HOST)";
				COMBINE_HIDPI_IMAGES = YES;
				GENERATE_INFOPLIST_FILE = YES;
				LD_RUNPATH_SEARCH_PATHS = (
					"$(inherited)",
					"@executable_path/../Frameworks",
					"@loader_path/../Frameworks",
				);
				PRODUCT_BUNDLE_IDENTIFIER = com.kright.native.tests;
				SDKROOT = macosx;
				TEST_HOST = "$(BUILT_PRODUCTS_DIR)/Kright.app/Contents/MacOS/Kright";
			};
			name = Debug;
		};
		C66781A00C3A0705E75EE345 /* Release */ = {
			isa = XCBuildConfiguration;
			buildSettings = {
				BUNDLE_LOADER = "$(TEST_HOST)";
				COMBINE_HIDPI_IMAGES = YES;
				GENERATE_INFOPLIST_FILE = YES;
				LD_RUNPATH_SEARCH_PATHS = (
					"$(inherited)",
					"@executable_path/../Frameworks",
					"@loader_path/../Frameworks",
				);
				PRODUCT_BUNDLE_IDENTIFIER = com.kright.native.tests;
				SDKROOT = macosx;
				TEST_HOST = "$(BUILT_PRODUCTS_DIR)/Kright.app/Contents/MacOS/Kright";
			};
			name = Release;
		};
		D8A689BF6FED9D9BC1AEAB25 /* Release */ = {
			isa = XCBuildConfiguration;
			buildSettings = {
				ALWAYS_SEARCH_USER_PATHS = NO;
				CLANG_ANALYZER_NONNULL = YES;
				CLANG_ANALYZER_NUMBER_OBJECT_CONVERSION = YES_AGGRESSIVE;
				CLANG_CXX_LANGUAGE_STANDARD = "gnu++14";
				CLANG_CXX_LIBRARY = "libc++";
				CLANG_ENABLE_MODULES = YES;
				CLANG_ENABLE_OBJC_ARC = YES;
				CLANG_ENABLE_OBJC_WEAK = YES;
				CLANG_WARN_BLOCK_CAPTURE_AUTORELEASING = YES;
				CLANG_WARN_BOOL_CONVERSION = YES;
				CLANG_WARN_COMMA = YES;
				CLANG_WARN_CONSTANT_CONVERSION = YES;
				CLANG_WARN_DEPRECATED_OBJC_IMPLEMENTATIONS = YES;
				CLANG_WARN_DIRECT_OBJC_ISA_USAGE = YES_ERROR;
				CLANG_WARN_DOCUMENTATION_COMMENTS = YES;
				CLANG_WARN_EMPTY_BODY = YES;
				CLANG_WARN_ENUM_CONVERSION = YES;
				CLANG_WARN_INFINITE_RECURSION = YES;
				CLANG_WARN_INT_CONVERSION = YES;
				CLANG_WARN_NON_LITERAL_NULL_CONVERSION = YES;
				CLANG_WARN_OBJC_IMPLICIT_RETAIN_SELF = YES;
				CLANG_WARN_OBJC_LITERAL_CONVERSION = YES;
				CLANG_WARN_OBJC_ROOT_CLASS = YES_ERROR;
				CLANG_WARN_QUOTED_INCLUDE_IN_FRAMEWORK_HEADER = YES;
				CLANG_WARN_RANGE_LOOP_ANALYSIS = YES;
				CLANG_WARN_STRICT_PROTOTYPES = YES;
				CLANG_WARN_SUSPICIOUS_MOVE = YES;
				CLANG_WARN_UNGUARDED_AVAILABILITY = YES_AGGRESSIVE;
				CLANG_WARN_UNREACHABLE_CODE = YES;
				CLANG_WARN__DUPLICATE_METHOD_MATCH = YES;
				CODE_SIGN_IDENTITY = D1429C0F8B8121EEC4B463D2EA6CF36130C80B84;
				CODE_SIGN_STYLE = Manual;
				COPY_PHASE_STRIP = NO;
				CURRENT_PROJECT_VERSION = 8;
				DEBUG_INFORMATION_FORMAT = "dwarf-with-dsym";
				DEVELOPMENT_TEAM = V3275SDA78;
				ENABLE_HARDENED_RUNTIME = NO;
				ENABLE_NS_ASSERTIONS = NO;
				ENABLE_STRICT_OBJC_MSGSEND = YES;
				GCC_C_LANGUAGE_STANDARD = gnu11;
				GCC_NO_COMMON_BLOCKS = YES;
				GCC_WARN_64_TO_32_BIT_CONVERSION = YES;
				GCC_WARN_ABOUT_RETURN_TYPE = YES_ERROR;
				GCC_WARN_UNDECLARED_SELECTOR = YES;
				GCC_WARN_UNINITIALIZED_AUTOS = YES_AGGRESSIVE;
				GCC_WARN_UNUSED_FUNCTION = YES;
				GCC_WARN_UNUSED_VARIABLE = YES;
				MACOSX_DEPLOYMENT_TARGET = 13.0;
				MARKETING_VERSION = 1.0.7;
				MTL_ENABLE_DEBUG_INFO = NO;
				MTL_FAST_MATH = YES;
				PRODUCT_NAME = "$(TARGET_NAME)";
				PROVISIONING_PROFILE_SPECIFIER = "";
				SDKROOT = macosx;
				SWIFT_COMPILATION_MODE = wholemodule;
				SWIFT_OPTIMIZATION_LEVEL = "-O";
				SWIFT_VERSION = 5.0;
			};
			name = Release;
		};
		D9A4069C9EEA47EAB58987F2 /* Debug */ = {
			isa = XCBuildConfiguration;
			buildSettings = {
				ALWAYS_SEARCH_USER_PATHS = NO;
				CLANG_ANALYZER_NONNULL = YES;
				CLANG_ANALYZER_NUMBER_OBJECT_CONVERSION = YES_AGGRESSIVE;
				CLANG_CXX_LANGUAGE_STANDARD = "gnu++14";
				CLANG_CXX_LIBRARY = "libc++";
				CLANG_ENABLE_MODULES = YES;
				CLANG_ENABLE_OBJC_ARC = YES;
				CLANG_ENABLE_OBJC_WEAK = YES;
				CLANG_WARN_BLOCK_CAPTURE_AUTORELEASING = YES;
				CLANG_WARN_BOOL_CONVERSION = YES;
				CLANG_WARN_COMMA = YES;
				CLANG_WARN_CONSTANT_CONVERSION = YES;
				CLANG_WARN_DEPRECATED_OBJC_IMPLEMENTATIONS = YES;
				CLANG_WARN_DIRECT_OBJC_ISA_USAGE = YES_ERROR;
				CLANG_WARN_DOCUMENTATION_COMMENTS = YES;
				CLANG_WARN_EMPTY_BODY = YES;
				CLANG_WARN_ENUM_CONVERSION = YES;
				CLANG_WARN_INFINITE_RECURSION = YES;
				CLANG_WARN_INT_CONVERSION = YES;
				CLANG_WARN_NON_LITERAL_NULL_CONVERSION = YES;
				CLANG_WARN_OBJC_IMPLICIT_RETAIN_SELF = YES;
				CLANG_WARN_OBJC_LITERAL_CONVERSION = YES;
				CLANG_WARN_OBJC_ROOT_CLASS = YES_ERROR;
				CLANG_WARN_QUOTED_INCLUDE_IN_FRAMEWORK_HEADER = YES;
				CLANG_WARN_RANGE_LOOP_ANALYSIS = YES;
				CLANG_WARN_STRICT_PROTOTYPES = YES;
				CLANG_WARN_SUSPICIOUS_MOVE = YES;
				CLANG_WARN_UNGUARDED_AVAILABILITY = YES_AGGRESSIVE;
				CLANG_WARN_UNREACHABLE_CODE = YES;
				CLANG_WARN__DUPLICATE_METHOD_MATCH = YES;
				CODE_SIGN_IDENTITY = D1429C0F8B8121EEC4B463D2EA6CF36130C80B84;
				CODE_SIGN_STYLE = Manual;
				COPY_PHASE_STRIP = NO;
				CURRENT_PROJECT_VERSION = 8;
				DEBUG_INFORMATION_FORMAT = dwarf;
				DEVELOPMENT_TEAM = V3275SDA78;
				ENABLE_HARDENED_RUNTIME = NO;
				ENABLE_STRICT_OBJC_MSGSEND = YES;
				ENABLE_TESTABILITY = YES;
				GCC_C_LANGUAGE_STANDARD = gnu11;
				GCC_DYNAMIC_NO_PIC = NO;
				GCC_NO_COMMON_BLOCKS = YES;
				GCC_OPTIMIZATION_LEVEL = 0;
				GCC_PREPROCESSOR_DEFINITIONS = (
					"$(inherited)",
					"DEBUG=1",
				);
				GCC_WARN_64_TO_32_BIT_CONVERSION = YES;
				GCC_WARN_ABOUT_RETURN_TYPE = YES_ERROR;
				GCC_WARN_UNDECLARED_SELECTOR = YES;
				GCC_WARN_UNINITIALIZED_AUTOS = YES_AGGRESSIVE;
				GCC_WARN_UNUSED_FUNCTION = YES;
				GCC_WARN_UNUSED_VARIABLE = YES;
				MACOSX_DEPLOYMENT_TARGET = 13.0;
				MARKETING_VERSION = 1.0.7;
				MTL_ENABLE_DEBUG_INFO = INCLUDE_SOURCE;
				MTL_FAST_MATH = YES;
				ONLY_ACTIVE_ARCH = YES;
				PRODUCT_NAME = "$(TARGET_NAME)";
				PROVISIONING_PROFILE_SPECIFIER = "";
				SDKROOT = macosx;
				SWIFT_ACTIVE_COMPILATION_CONDITIONS = DEBUG;
				SWIFT_OPTIMIZATION_LEVEL = "-Onone";
				SWIFT_VERSION = 5.0;
			};
			name = Debug;
		};
/* End XCBuildConfiguration section */

/* Begin XCConfigurationList section */
		8A51680A91F66355BCBB0D03 /* Build configuration list for PBXNativeTarget "Kright" */ = {
			isa = XCConfigurationList;
			buildConfigurations = (
				33E9DE569600A42D4D224324 /* Debug */,
				5942CA474C114DBD9AD33372 /* Release */,
			);
			defaultConfigurationIsVisible = 0;
			defaultConfigurationName = Debug;
		};
		952B722E2DBD9E5BFA71CB82 /* Build configuration list for PBXNativeTarget "KrightTests" */ = {
			isa = XCConfigurationList;
			buildConfigurations = (
				AFB0EED9F5FAD354D77978B1 /* Debug */,
				C66781A00C3A0705E75EE345 /* Release */,
			);
			defaultConfigurationIsVisible = 0;
			defaultConfigurationName = Debug;
		};
		A1C10331052B1EEEE2772D86 /* Build configuration list for PBXProject "Kright" */ = {
			isa = XCConfigurationList;
			buildConfigurations = (
				D9A4069C9EEA47EAB58987F2 /* Debug */,
				D8A689BF6FED9D9BC1AEAB25 /* Release */,
			);
			defaultConfigurationIsVisible = 0;
			defaultConfigurationName = Debug;
		};
/* End XCConfigurationList section */

/* Begin XCRemoteSwiftPackageReference section */
		17DC6BCCC9AC6B38EF00E3EF /* XCRemoteSwiftPackageReference "Sparkle" */ = {
			isa = XCRemoteSwiftPackageReference;
			repositoryURL = "https://github.com/sparkle-project/Sparkle";
			requirement = {
				kind = upToNextMajorVersion;
				minimumVersion = 2.6.0;
			};
		};
/* End XCRemoteSwiftPackageReference section */

/* Begin XCSwiftPackageProductDependency section */
		5C59133F63E25AE94A14E6BA /* Sparkle */ = {
			isa = XCSwiftPackageProductDependency;
			package = 17DC6BCCC9AC6B38EF00E3EF /* XCRemoteSwiftPackageReference "Sparkle" */;
			productName = Sparkle;
		};
/* End XCSwiftPackageProductDependency section */
	};
	rootObject = 3E008B90FF9DA613D6FF75E6 /* Project object */;
}
